{
    "version": 3,
    "terraform_version": "0.11.14",
    "serial": 2,
    "lineage": "87d6fa27-e12b-6529-a799-66fe247ac7b3",
    "modules": [
        {
            "path": [
                "root"
            ],
            "outputs": {
                "sshcommand": {
                    "sensitive": false,
                    "type": "string",
                    "value": "ssh root@169.61.247.214"
                }
            },
            "resources": {
                "data.ibm_is_image.ubuntu": {
                    "type": "ibm_is_image",
                    "depends_on": [],
                    "primary": {
                        "id": "cfdaf1a0-5350-4350-fcbc-97173b510843",
                        "attributes": {
                            "architecture": "amd64",
                            "crn": "crn:v1:bluemix:public:is:us-south:::image:cfdaf1a0-5350-4350-fcbc-97173b510843",
                            "id": "cfdaf1a0-5350-4350-fcbc-97173b510843",
                            "name": "ubuntu-18.04-amd64",
                            "os": "Ubuntu Linux",
                            "status": "available",
                            "visibility": "public"
                        },
                        "meta": {},
                        "tainted": false
                    },
                    "deposed": [],
                    "provider": "provider.ibm"
                },
                "data.ibm_is_ssh_key.ssh_key_id": {
                    "type": "ibm_is_ssh_key",
                    "depends_on": [],
                    "primary": {
                        "id": "636f6d70-0000-0001-0000-00000016ffe0",
                        "attributes": {
                            "fingerprint": "SHA256:q6QLZL/u8Epz/ZiWUJ13fopQxjSv9dk0gg8ScNOG5R8",
                            "id": "636f6d70-0000-0001-0000-00000016ffe0",
                            "length": "2048",
                            "name": "hpcvm",
                            "type": "rsa"
                        },
                        "meta": {},
                        "tainted": false
                    },
                    "deposed": [],
                    "provider": "provider.ibm"
                },
                "ibm_is_floating_ip.fip1": {
                    "type": "ibm_is_floating_ip",
                    "depends_on": [
                        "ibm_is_instance.vsi1",
                        "local.BASENAME"
                    ],
                    "primary": {
                        "id": "59b7d7c5-24f4-4d59-bffc-149394785324",
                        "attributes": {
                            "address": "169.61.247.214",
                            "id": "59b7d7c5-24f4-4d59-bffc-149394785324",
                            "name": "hpc-cluster-fip1",
                            "status": "available",
                            "target": "24aa4af9-831a-4bda-a856-23067aa80991",
                            "zone": "us-south-1"
                        },
                        "meta": {
                            "e2bfb730-ecaa-11e6-8f88-34363bc7c4c0": {
                                "create": 600000000000,
                                "delete": 600000000000
                            }
                        },
                        "tainted": false
                    },
                    "deposed": [],
                    "provider": "provider.ibm"
                },
                "ibm_is_instance.vsi1": {
                    "type": "ibm_is_instance",
                    "depends_on": [
                        "data.ibm_is_image.ubuntu",
                        "data.ibm_is_ssh_key.ssh_key_id",
                        "ibm_is_security_group.sg1",
                        "ibm_is_subnet.subnet1",
                        "ibm_is_vpc.vpc",
                        "local.BASENAME",
                        "local.ZONE"
                    ],
                    "primary": {
                        "id": "c7ab4d66-3b4b-44f7-8ea6-3a3c9f9387d0",
                        "attributes": {
                            "boot_volume.#": "1",
                            "boot_volume.0.encryption": "",
                            "boot_volume.0.iops": "3000",
                            "boot_volume.0.name": "attachment-2adfe4c7-f816-4aed-82e1-4d5d4c4bb5ee",
                            "boot_volume.0.profile": "general-purpose",
                            "boot_volume.0.size": "100",
                            "cpu.#": "1",
                            "cpu.0.architecture": "amd64",
                            "cpu.0.cores": "2",
                            "cpu.0.frequency": "2000",
                            "generation": "gc",
                            "gpu.#": "0",
                            "id": "c7ab4d66-3b4b-44f7-8ea6-3a3c9f9387d0",
                            "image": "cfdaf1a0-5350-4350-fcbc-97173b510843",
                            "keys.#": "1",
                            "keys.1385444267": "636f6d70-0000-0001-0000-00000016ffe0",
                            "memory": "4",
                            "name": "hpc-cluster-vsi1",
                            "network_interfaces.#": "0",
                            "primary_network_interface.#": "1",
                            "primary_network_interface.0.id": "24aa4af9-831a-4bda-a856-23067aa80991",
                            "primary_network_interface.0.name": "yearning-tremble-erasure-shininess",
                            "primary_network_interface.0.port_speed": "0",
                            "primary_network_interface.0.primary_ipv4_address": "10.240.0.8",
                            "primary_network_interface.0.security_groups.#": "1",
                            "primary_network_interface.0.security_groups.2190062472": "2d364f0a-a870-42c3-a554-000001832454",
                            "primary_network_interface.0.subnet": "77235e6b-9ae0-4d4b-946c-fdc65a1e22c9",
                            "profile": "cc1-2x4",
                            "resource_group": "eb11a6945bb147e4bf5ccd65acc81136",
                            "status": "running",
                            "volumes.#": "0",
                            "vpc": "0633a1dc-3c9e-4167-b745-4ae726ae150f",
                            "zone": "us-south-1"
                        },
                        "meta": {
                            "e2bfb730-ecaa-11e6-8f88-34363bc7c4c0": {
                                "create": 3600000000000,
                                "delete": 3600000000000
                            }
                        },
                        "tainted": false
                    },
                    "deposed": [],
                    "provider": "provider.ibm"
                },
                "ibm_is_security_group.sg1": {
                    "type": "ibm_is_security_group",
                    "depends_on": [
                        "ibm_is_vpc.vpc",
                        "local.BASENAME"
                    ],
                    "primary": {
                        "id": "2d364f0a-a870-42c3-a554-000001832454",
                        "attributes": {
                            "id": "2d364f0a-a870-42c3-a554-000001832454",
                            "name": "hpc-cluster-sg1",
                            "rules.#": "0",
                            "vpc": "0633a1dc-3c9e-4167-b745-4ae726ae150f"
                        },
                        "meta": {},
                        "tainted": false
                    },
                    "deposed": [],
                    "provider": "provider.ibm"
                },
                "ibm_is_security_group_rule.ingress_ssh_all": {
                    "type": "ibm_is_security_group_rule",
                    "depends_on": [
                        "ibm_is_security_group.sg1"
                    ],
                    "primary": {
                        "id": "2d364f0a-a870-42c3-a554-000001832454.b597cff2-38e8-4e6e-999d-000005790868",
                        "attributes": {
                            "direction": "ingress",
                            "group": "2d364f0a-a870-42c3-a554-000001832454",
                            "id": "2d364f0a-a870-42c3-a554-000001832454.b597cff2-38e8-4e6e-999d-000005790868",
                            "ip_version": "ipv4",
                            "remote": "0.0.0.0/0",
                            "rule_id": "b597cff2-38e8-4e6e-999d-000005790868",
                            "tcp.#": "1",
                            "tcp.0.port_max": "22",
                            "tcp.0.port_min": "22"
                        },
                        "meta": {},
                        "tainted": false
                    },
                    "deposed": [],
                    "provider": "provider.ibm"
                },
                "ibm_is_subnet.subnet1": {
                    "type": "ibm_is_subnet",
                    "depends_on": [
                        "ibm_is_vpc.vpc",
                        "local.BASENAME",
                        "local.ZONE"
                    ],
                    "primary": {
                        "id": "77235e6b-9ae0-4d4b-946c-fdc65a1e22c9",
                        "attributes": {
                            "id": "77235e6b-9ae0-4d4b-946c-fdc65a1e22c9",
                            "ip_version": "ipv4",
                            "ipv4_cidr_block": "10.240.0.0/24",
                            "ipv6_cidr_block": "",
                            "name": "hpc-cluster-subnet1",
                            "network_acl": "fee81e82-b8ff-4b30-929e-eab3fe7b62a5",
                            "public_gateway": "",
                            "status": "available",
                            "total_ipv4_address_count": "256",
                            "vpc": "0633a1dc-3c9e-4167-b745-4ae726ae150f",
                            "zone": "us-south-1"
                        },
                        "meta": {
                            "e2bfb730-ecaa-11e6-8f88-34363bc7c4c0": {
                                "create": 600000000000,
                                "delete": 600000000000,
                                "update": 600000000000
                            }
                        },
                        "tainted": false
                    },
                    "deposed": [],
                    "provider": "provider.ibm"
                },
                "ibm_is_vpc.vpc": {
                    "type": "ibm_is_vpc",
                    "depends_on": [
                        "local.BASENAME"
                    ],
                    "primary": {
                        "id": "0633a1dc-3c9e-4167-b745-4ae726ae150f",
                        "attributes": {
                            "classic_access": "false",
                            "default_network_acl": "fee81e82-b8ff-4b30-929e-eab3fe7b62a5",
                            "default_security_group": "2d364f0a-a870-42c3-a554-000001832280",
                            "id": "0633a1dc-3c9e-4167-b745-4ae726ae150f",
                            "is_default": "false",
                            "name": "hpc-cluster-vpc",
                            "resource_group": "eb11a6945bb147e4bf5ccd65acc81136",
                            "status": "available",
                            "tags.#": "0"
                        },
                        "meta": {
                            "e2bfb730-ecaa-11e6-8f88-34363bc7c4c0": {
                                "create": 3600000000000,
                                "delete": 3600000000000
                            }
                        },
                        "tainted": false
                    },
                    "deposed": [],
                    "provider": "provider.ibm"
                }
            },
            "depends_on": []
        }
    ]
}
